PODS:
  - FBSnapshotTestCase (2.1.4):
    - FBSnapshotTestCase/SwiftSupport (= 2.1.4)
  - FBSnapshotTestCase/Core (2.1.4)
  - FBSnapshotTestCase/SwiftSupport (2.1.4):
    - FBSnapshotTestCase/Core
  - Kiwi (3.0.0)
  - ZImagePicker (0.1.0)

DEPENDENCIES:
  - FBSnapshotTestCase
  - Kiwi
  - ZImagePicker (from `../`)

EXTERNAL SOURCES:
  ZImagePicker:
    :path: "../"

SPEC CHECKSUMS:
  FBSnapshotTestCase: 094f9f314decbabe373b87cc339bea235a63e07a
  Kiwi: fbeafef0f00e4d8f7dcb3420a4930afe70af77f7
  ZImagePicker: ffb7028ce1d7b103c4c28d46516f06996a169a05

PODFILE CHECKSUM: 12cc36554a4bdcc18cd5d500747f2a6a1810404b

COCOAPODS: 1.1.1
